
Microsoft Visual Studio Solution File, Format Version 10.00
# Visual Studio 2008
Project("{FAE04EC0-301F-11D3-BF4B-00C04F79EFBC}") = "testbed", "testbed\testbed.csproj", "{F097F76A-2BF4-4353-A36A-3D8F2922F340}"
EndProject
Global
	GlobalSection(SolutionConfigurationPlatforms) = preSolution
		Debug|x86 = Debug|x86
		Release|x86 = Release|x86
	EndGlobalSection
	GlobalSection(ProjectConfigurationPlatforms) = postSolution
		{F097F76A-2BF4-4353-A36A-3D8F2922F340}.Debug|x86.ActiveCfg = Debug|x86
		{F097F76A-2BF4-4353-A36A-3D8F2922F340}.Debug|x86.Build.0 = Debug|x86
		{F097F76A-2BF4-4353-A36A-3D8F2922F340}.Release|x86.ActiveCfg = Release|x86
		{F097F76A-2BF4-4353-A36A-3D8F2922F340}.Release|x86.Build.0 = Release|x86
	EndGlobalSection
	GlobalSection(MonoDevelopProperties) = preSolution
		StartupItem = testbed\testbed.csproj
	EndGlobalSection
EndGlobal
